
Microsoft Visual Studio Solution File, Format Version 12.00
# Visual Studio Version 16
VisualStudioVersion = 16.0.808.4
MinimumVisualStudioVersion = 10.0.40219.1
Project("{FAE04EC0-301F-11D3-BF4B-00C04F79EFBC}") = "LoggerNugetPackage", "LoggerNugetPackage\LoggerNugetPackage.csproj", "{4D6281CE-7944-4174-9F2F-26DC475D81A7}"
EndProject
Global
	GlobalSection(SolutionConfigurationPlatforms) = preSolution
		Debug|Any CPU = Debug|Any CPU
		Release|Any CPU = Release|Any CPU
	EndGlobalSection
	GlobalSection(ProjectConfigurationPlatforms) = postSolution
		{4D6281CE-7944-4174-9F2F-26DC475D81A7}.Debug|Any CPU.ActiveCfg = Debug|Any CPU
		{4D6281CE-7944-4174-9F2F-26DC475D81A7}.Debug|Any CPU.Build.0 = Debug|Any CPU
		{4D6281CE-7944-4174-9F2F-26DC475D81A7}.Release|Any CPU.ActiveCfg = Release|Any CPU
		{4D6281CE-7944-4174-9F2F-26DC475D81A7}.Release|Any CPU.Build.0 = Release|Any CPU
	EndGlobalSection
	GlobalSection(SolutionProperties) = preSolution
		HideSolutionNode = FALSE
	EndGlobalSection
	GlobalSection(ExtensibilityGlobals) = postSolution
		SolutionGuid = {1341A1DF-4950-4419-8AE1-B16B25EA9605}
	EndGlobalSection
EndGlobal
